
Microsoft Visual Studio Solution File, Format Version 12.00
# 
Project("{2150E333-8FDC-42A3-9474-1A3956D46DE8}") = "src", "src", "{8B40A7D8-C0EE-4BF3-A930-BD52AAACD75F}"
EndProject
Project("{FAE04EC0-301F-11D3-BF4B-00C04F79EFBC}") = "AutoWire.DI", "src\AutoWire.DI\AutoWire.DI.csproj", "{DD8DB8ED-ECAF-415D-AD62-B8E173E82B8A}"
EndProject
Global
	GlobalSection(SolutionConfigurationPlatforms) = preSolution
		Debug|Any CPU = Debug|Any CPU
		Debug|x64 = Debug|x64
		Debug|x86 = Debug|x86
		Release|Any CPU = Release|Any CPU
		Release|x64 = Release|x64
		Release|x86 = Release|x86
	EndGlobalSection
	GlobalSection(ProjectConfigurationPlatforms) = postSolution
		{DD8DB8ED-ECAF-415D-AD62-B8E173E82B8A}.Debug|Any CPU.ActiveCfg = Debug|Any CPU
		{DD8DB8ED-ECAF-415D-AD62-B8E173E82B8A}.Debug|Any CPU.Build.0 = Debug|Any CPU
		{DD8DB8ED-ECAF-415D-AD62-B8E173E82B8A}.Debug|x64.ActiveCfg = Debug|Any CPU
		{DD8DB8ED-ECAF-415D-AD62-B8E173E82B8A}.Debug|x64.Build.0 = Debug|Any CPU
		{DD8DB8ED-ECAF-415D-AD62-B8E173E82B8A}.Debug|x86.ActiveCfg = Debug|Any CPU
		{DD8DB8ED-ECAF-415D-AD62-B8E173E82B8A}.Debug|x86.Build.0 = Debug|Any CPU
		{DD8DB8ED-ECAF-415D-AD62-B8E173E82B8A}.Release|Any CPU.ActiveCfg = Release|Any CPU
		{DD8DB8ED-ECAF-415D-AD62-B8E173E82B8A}.Release|Any CPU.Build.0 = Release|Any CPU
		{DD8DB8ED-ECAF-415D-AD62-B8E173E82B8A}.Release|x64.ActiveCfg = Release|Any CPU
		{DD8DB8ED-ECAF-415D-AD62-B8E173E82B8A}.Release|x64.Build.0 = Release|Any CPU
		{DD8DB8ED-ECAF-415D-AD62-B8E173E82B8A}.Release|x86.ActiveCfg = Release|Any CPU
		{DD8DB8ED-ECAF-415D-AD62-B8E173E82B8A}.Release|x86.Build.0 = Release|Any CPU
	EndGlobalSection
	GlobalSection(NestedProjects) = preSolution
		{DD8DB8ED-ECAF-415D-AD62-B8E173E82B8A} = {8B40A7D8-C0EE-4BF3-A930-BD52AAACD75F}
	EndGlobalSection
EndGlobal
